
Microsoft Visual Studio Solution File, Format Version 12.00
# Visual Studio Version 16
VisualStudioVersion = 16.0.30114.105
MinimumVisualStudioVersion = 10.0.40219.1
Project("{FAE04EC0-301F-11D3-BF4B-00C04F79EFBC}") = "BloodMagic", "BloodMagic\BloodMagic.csproj", "{FABC2887-AE27-43B3-BC97-4F6F117DAD88}"
EndProject
Project("{FAE04EC0-301F-11D3-BF4B-00C04F79EFBC}") = "Debugger", "Debugger\Debugger.csproj", "{12894E93-3CAF-4559-A050-0CA3E4D53C6A}"
EndProject
Global
	GlobalSection(SolutionConfigurationPlatforms) = preSolution
		Debug|Any CPU = Debug|Any CPU
		Release|Any CPU = Release|Any CPU
	EndGlobalSection
	GlobalSection(ProjectConfigurationPlatforms) = postSolution
		{FABC2887-AE27-43B3-BC97-4F6F117DAD88}.Debug|Any CPU.ActiveCfg = Debug|Any CPU
		{FABC2887-AE27-43B3-BC97-4F6F117DAD88}.Debug|Any CPU.Build.0 = Debug|Any CPU
		{FABC2887-AE27-43B3-BC97-4F6F117DAD88}.Release|Any CPU.ActiveCfg = Release|Any CPU
		{FABC2887-AE27-43B3-BC97-4F6F117DAD88}.Release|Any CPU.Build.0 = Release|Any CPU
		{12894E93-3CAF-4559-A050-0CA3E4D53C6A}.Debug|Any CPU.ActiveCfg = Debug|Any CPU
		{12894E93-3CAF-4559-A050-0CA3E4D53C6A}.Debug|Any CPU.Build.0 = Debug|Any CPU
		{12894E93-3CAF-4559-A050-0CA3E4D53C6A}.Release|Any CPU.ActiveCfg = Release|Any CPU
		{12894E93-3CAF-4559-A050-0CA3E4D53C6A}.Release|Any CPU.Build.0 = Release|Any CPU
	EndGlobalSection
	GlobalSection(SolutionProperties) = preSolution
		HideSolutionNode = FALSE
	EndGlobalSection
	GlobalSection(ExtensibilityGlobals) = postSolution
		SolutionGuid = {5E74D7FC-0C89-4249-A64A-696A3E3EE5E9}
	EndGlobalSection
EndGlobal
